
Microsoft Visual Studio Solution File, Format Version 11.00
# Visual Studio 2010
Project("{FAE04EC0-301F-11D3-BF4B-00C04F79EFBC}") = "DOTween.Modules", "DOTween.Modules.csproj", "{C70385BD-6F6C-21A9-97A5-E1D52E27ACE3}"
EndProject
Project("{FAE04EC0-301F-11D3-BF4B-00C04F79EFBC}") = "Assembly-CSharp", "Assembly-CSharp.csproj", "{B989E628-D649-C623-1A1A-537A2E9A24EE}"
EndProject
Global
	GlobalSection(SolutionConfigurationPlatforms) = preSolution
		Debug|Any CPU = Debug|Any CPU
		Release|Any CPU = Release|Any CPU
	EndGlobalSection
	GlobalSection(ProjectConfigurationPlatforms) = postSolution
		{C70385BD-6F6C-21A9-97A5-E1D52E27ACE3}.Debug|Any CPU.ActiveCfg = Debug|Any CPU
		{C70385BD-6F6C-21A9-97A5-E1D52E27ACE3}.Debug|Any CPU.Build.0 = Debug|Any CPU
		{C70385BD-6F6C-21A9-97A5-E1D52E27ACE3}.Release|Any CPU.ActiveCfg = Release|Any CPU
		{C70385BD-6F6C-21A9-97A5-E1D52E27ACE3}.Release|Any CPU.Build.0 = Release|Any CPU
		{B989E628-D649-C623-1A1A-537A2E9A24EE}.Debug|Any CPU.ActiveCfg = Debug|Any CPU
		{B989E628-D649-C623-1A1A-537A2E9A24EE}.Debug|Any CPU.Build.0 = Debug|Any CPU
		{B989E628-D649-C623-1A1A-537A2E9A24EE}.Release|Any CPU.ActiveCfg = Release|Any CPU
		{B989E628-D649-C623-1A1A-537A2E9A24EE}.Release|Any CPU.Build.0 = Release|Any CPU
	EndGlobalSection
	GlobalSection(SolutionProperties) = preSolution
		HideSolutionNode = FALSE
	EndGlobalSection
EndGlobal
